
Microsoft Visual Studio Solution File, Format Version 12.00
# Visual Studio Version 17
VisualStudioVersion = 17.4.33213.308
MinimumVisualStudioVersion = 10.0.40219.1
Project("{FAE04EC0-301F-11D3-BF4B-00C04F79EFBC}") = "wakeeper", "wakeeper.csproj", "{DC27E022-7953-49F6-82F7-0C47DC88C9CD}"
EndProject
Global
	GlobalSection(SolutionConfigurationPlatforms) = preSolution
		Debug|Any CPU = Debug|Any CPU
		Release|Any CPU = Release|Any CPU
	EndGlobalSection
	GlobalSection(ProjectConfigurationPlatforms) = postSolution
		{DC27E022-7953-49F6-82F7-0C47DC88C9CD}.Debug|Any CPU.ActiveCfg = Debug|Any CPU
		{DC27E022-7953-49F6-82F7-0C47DC88C9CD}.Debug|Any CPU.Build.0 = Debug|Any CPU
		{DC27E022-7953-49F6-82F7-0C47DC88C9CD}.Release|Any CPU.ActiveCfg = Release|Any CPU
		{DC27E022-7953-49F6-82F7-0C47DC88C9CD}.Release|Any CPU.Build.0 = Release|Any CPU
	EndGlobalSection
	GlobalSection(SolutionProperties) = preSolution
		HideSolutionNode = FALSE
	EndGlobalSection
	GlobalSection(ExtensibilityGlobals) = postSolution
		SolutionGuid = {3913A2CF-271D-4075-A8C9-1F1206CC6F28}
	EndGlobalSection
EndGlobal
